
Microsoft Visual Studio Solution File, Format Version 12.00
# Visual Studio Version 17
VisualStudioVersion = 17.6.33829.357
MinimumVisualStudioVersion = 10.0.40219.1
Project("{FAE04EC0-301F-11D3-BF4B-00C04F79EFBC}") = "Image Similarity Indexer", "Image Similarity indexer\Image Similarity Indexer.csproj", "{9BDB46B7-89A2-4BC2-ADFC-6B89A53E9F83}"
EndProject
Global
	GlobalSection(SolutionConfigurationPlatforms) = preSolution
		Debug|Any CPU = Debug|Any CPU
		Release|Any CPU = Release|Any CPU
	EndGlobalSection
	GlobalSection(ProjectConfigurationPlatforms) = postSolution
		{9BDB46B7-89A2-4BC2-ADFC-6B89A53E9F83}.Debug|Any CPU.ActiveCfg = Debug|Any CPU
		{9BDB46B7-89A2-4BC2-ADFC-6B89A53E9F83}.Debug|Any CPU.Build.0 = Debug|Any CPU
		{9BDB46B7-89A2-4BC2-ADFC-6B89A53E9F83}.Release|Any CPU.ActiveCfg = Release|Any CPU
		{9BDB46B7-89A2-4BC2-ADFC-6B89A53E9F83}.Release|Any CPU.Build.0 = Release|Any CPU
	EndGlobalSection
	GlobalSection(SolutionProperties) = preSolution
		HideSolutionNode = FALSE
	EndGlobalSection
	GlobalSection(ExtensibilityGlobals) = postSolution
		SolutionGuid = {98A16D2F-6723-4A39-979A-4750AD6488A4}
	EndGlobalSection
EndGlobal
